// !$*UTF8*$!
{
	archiveVersion = 1;
	classes = {
	};
	objectVersion = 50;
	objects = {

/* Begin PBXBuildFile section */
		C7680553261F67E000D3D7DD /* AppDelegate.swift in Sources */ = {isa = PBXBuildFile; fileRef = C7680552261F67E000D3D7DD /* AppDelegate.swift */; };
		C7680555261F67E000D3D7DD /* SceneDelegate.swift in Sources */ = {isa = PBXBuildFile; fileRef = C7680554261F67E000D3D7DD /* SceneDelegate.swift */; };
		C7680557261F67E000D3D7DD /* ViewController.swift in Sources */ = {isa = PBXBuildFile; fileRef = C7680556261F67E000D3D7DD /* ViewController.swift */; };
		C768055A261F67E000D3D7DD /* Main.storyboard in Resources */ = {isa = PBXBuildFile; fileRef = C7680558261F67E000D3D7DD /* Main.storyboard */; };
		C768055D261F67E000D3D7DD /* weatheApp.xcdatamodeld in Sources */ = {isa = PBXBuildFile; fileRef = C768055B261F67E000D3D7DD /* weatheApp.xcdatamodeld */; };
		C768055F261F67E200D3D7DD /* Assets.xcassets in Resources */ = {isa = PBXBuildFile; fileRef = C768055E261F67E200D3D7DD /* Assets.xcassets */; };
		C7680562261F67E200D3D7DD /* LaunchScreen.storyboard in Resources */ = {isa = PBXBuildFile; fileRef = C7680560261F67E200D3D7DD /* LaunchScreen.storyboard */; };
/* End PBXBuildFile section */

/* Begin PBXFileReference section */
		C768054F261F67E000D3D7DD /* weatheApp.app */ = {isa = PBXFileReference; explicitFileType = wrapper.application; includeInIndex = 0; path = weatheApp.app; sourceTree = BUILT_PRODUCTS_DIR; };
		C7680552261F67E000D3D7DD /* AppDelegate.swift */ = {isa = PBXFileReference; lastKnownFileType = sourcecode.swift; path = AppDelegate.swift; sourceTree = "<group>"; };
		C7680554261F67E000D3D7DD /* SceneDelegate.swift */ = {isa = PBXFileReference; lastKnownFileType = sourcecode.swift; path = SceneDelegate.swift; sourceTree = "<group>"; };
		C7680556261F67E000D3D7DD /* ViewController.swift */ = {isa = PBXFileReference; lastKnownFileType = sourcecode.swift; path = ViewController.swift; sourceTree = "<group>"; };
		C7680559261F67E000D3D7DD /* Base */ = {isa = PBXFileReference; lastKnownFileType = file.storyboard; name = Base; path = Base.lproj/Main.storyboard; sourceTree = "<group>"; };
		C768055C261F67E000D3D7DD /* weatheApp.xcdatamodel */ = {isa = PBXFileReference; lastKnownFileType = wrapper.xcdatamodel; path = weatheApp.xcdatamodel; sourceTree = "<group>"; };
		C768055E261F67E200D3D7DD /* Assets.xcassets */ = {isa = PBXFileReference; lastKnownFileType = folder.assetcatalog; path = Assets.xcassets; sourceTree = "<group>"; };
		C7680561261F67E200D3D7DD /* Base */ = {isa = PBXFileReference; lastKnownFileType = file.storyboard; name = Base; path = Base.lproj/LaunchScreen.storyboard; sourceTree = "<group>"; };
		C7680563261F67E200D3D7DD /* Info.plist */ = {isa = PBXFileReference; lastKnownFileType = text.plist.xml; path = Info.plist; sourceTree = "<group>"; };
/* End PBXFileReference section */

/* Begin PBXFrameworksBuildPhase section */
		C768054C261F67E000D3D7DD /* Frameworks */ = {
			isa = PBXFrameworksBuildPhase;
			buildActionMask = 2147483647;
			files = (
			);
			runOnlyForDeploymentPostprocessing = 0;
		};
/* End PBXFrameworksBuildPhase section */

/* Begin PBXGroup section */
		C7680546261F67E000D3D7DD = {
			isa = PBXGroup;
			children = (
				C7680551261F67E000D3D7DD /* weatheApp */,
				C7680550261F67E000D3D7DD /* Products */,
			);
			sourceTree = "<group>";
		};
		C7680550261F67E000D3D7DD /* Products */ = {
			isa = PBXGroup;
			children = (
				C768054F261F67E000D3D7DD /* weatheApp.app */,
			);
			name = Products;
			sourceTree = "<group>";
		};
		C7680551261F67E000D3D7DD /* weatheApp */ = {
			isa = PBXGroup;
			children = (
				C7680552261F67E000D3D7DD /* AppDelegate.swift */,
				C7680554261F67E000D3D7DD /* SceneDelegate.swift */,
				C7680556261F67E000D3D7DD /* ViewController.swift */,
				C7680558261F67E000D3D7DD /* Main.storyboard */,
				C768055E261F67E200D3D7DD /* Assets.xcassets */,
				C7680560261F67E200D3D7DD /* LaunchScreen.storyboard */,
				C7680563261F67E200D3D7DD /* Info.plist */,
				C768055B261F67E000D3D7DD /* weatheApp.xcdatamodeld */,
			);
			path = weatheApp;
			sourceTree = "<group>";
		};
/* End PBXGroup section */

/* Begin PBXNativeTarget section */
		C768054E261F67E000D3D7DD /* weatheApp */ = {
			isa = PBXNativeTarget;
			buildConfigurationList = C7680566261F67E200D3D7DD /* Build configuration list for PBXNativeTarget "weatheApp" */;
			buildPhases = (
				C768054B261F67E000D3D7DD /* Sources */,
				C768054C261F67E000D3D7DD /* Frameworks */,
				C768054D261F67E000D3D7DD /* Resources */,
			);
			buildRules = (
			);
			dependencies = (
			);
			name = weatheApp;
			productName = weatheApp;
			productReference = C768054F261F67E000D3D7DD /* weatheApp.app */;
			productType = "com.apple.product-type.application";
		};
/* End PBXNativeTarget section */

/* Begin PBXProject section */
		C7680547261F67E000D3D7DD /* Project object */ = {
			isa = PBXProject;
			attributes = {
				LastSwiftUpdateCheck = 1240;
				LastUpgradeCheck = 1240;
				TargetAttributes = {
					C768054E261F67E000D3D7DD = {
						CreatedOnToolsVersion = 12.4;
					};
				};
			};
			buildConfigurationList = C768054A261F67E000D3D7DD /* Build configuration list for PBXProject "weatheApp" */;
			compatibilityVersion = "Xcode 9.3";
			developmentRegion = en;
			hasScannedForEncodings = 0;
			knownRegions = (
				en,
				Base,
			);
			mainGroup = C7680546261F67E000D3D7DD;
			productRefGroup = C7680550261F67E000D3D7DD /* Products */;
			projectDirPath = "";
			projectRoot = "";
			targets = (
				C768054E261F67E000D3D7DD /* weatheApp */,
			);
		};
/* End PBXProject section */

/* Begin PBXResourcesBuildPhase section */
		C768054D261F67E000D3D7DD /* Resources */ = {
			isa = PBXResourcesBuildPhase;
			buildActionMask = 2147483647;
			files = (
				C7680562261F67E200D3D7DD /* LaunchScreen.storyboard in Resources */,
				C768055F261F67E200D3D7DD /* Assets.xcassets in Resources */,
				C768055A261F67E000D3D7DD /* Main.storyboard in Resources */,
			);
			runOnlyForDeploymentPostprocessing = 0;
		};
/* End PBXResourcesBuildPhase section */

/* Begin PBXSourcesBuildPhase section */
		C768054B261F67E000D3D7DD /* Sources */ = {
			isa = PBXSourcesBuildPhase;
			buildActionMask = 2147483647;
			files = (
				C7680557261F67E000D3D7DD /* ViewController.swift in Sources */,
				C768055D261F67E000D3D7DD /* weatheApp.xcdatamodeld in Sources */,
				C7680553261F67E000D3D7DD /* AppDelegate.swift in Sources */,
				C7680555261F67E000D3D7DD /* SceneDelegate.swift in Sources */,
			);
			runOnlyForDeploymentPostprocessing = 0;
		};
/* End PBXSourcesBuildPhase section */

/* Begin PBXVariantGroup section */
		C7680558261F67E000D3D7DD /* Main.storyboard */ = {
			isa = PBXVariantGroup;
			children = (
				C7680559261F67E000D3D7DD /* Base */,
			);
			name = Main.storyboard;
			sourceTree = "<group>";
		};
		C7680560261F67E200D3D7DD /* LaunchScreen.storyboard */ = {
			isa = PBXVariantGroup;
			children = (
				C7680561261F67E200D3D7DD /* Base */,
			);
			name = LaunchScreen.storyboard;
			sourceTree = "<group>";
		};
/* End PBXVariantGroup section */

/* Begin XCBuildConfiguration section */
		C7680564261F67E200D3D7DD /* Debug */ = {
			isa = XCBuildConfiguration;
			buildSettings = {
				ALWAYS_SEARCH_USER_PATHS = NO;
				CLANG_ANALYZER_NONNULL = YES;
				CLANG_ANALYZER_NUMBER_OBJECT_CONVERSION = YES_AGGRESSIVE;
				CLANG_CXX_LANGUAGE_STANDARD = "gnu++14";
				CLANG_CXX_LIBRARY = "libc++";
				CLANG_ENABLE_MODULES = YES;
				CLANG_ENABLE_OBJC_ARC = YES;
				CLANG_ENABLE_OBJC_WEAK = YES;
				CLANG_WARN_BLOCK_CAPTURE_AUTORELEASING = YES;
				CLANG_WARN_BOOL_CONVERSION = YES;
				CLANG_WARN_COMMA = YES;
				CLANG_WARN_CONSTANT_CONVERSION = YES;
				CLANG_WARN_DEPRECATED_OBJC_IMPLEMENTATIONS = YES;
				CLANG_WARN_DIRECT_OBJC_ISA_USAGE = YES_ERROR;
				CLANG_WARN_DOCUMENTATION_COMMENTS = YES;
				CLANG_WARN_EMPTY_BODY = YES;
				CLANG_WARN_ENUM_CONVERSION = YES;
				CLANG_WARN_INFINITE_RECURSION = YES;
				CLANG_WARN_INT_CONVERSION = YES;
				CLANG_WARN_NON_LITERAL_NULL_CONVERSION = YES;
				CLANG_WARN_OBJC_IMPLICIT_RETAIN_SELF = YES;
				CLANG_WARN_OBJC_LITERAL_CONVERSION = YES;
				CLANG_WARN_OBJC_ROOT_CLASS = YES_ERROR;
				CLANG_WARN_QUOTED_INCLUDE_IN_FRAMEWORK_HEADER = YES;
				CLANG_WARN_RANGE_LOOP_ANALYSIS = YES;
				CLANG_WARN_STRICT_PROTOTYPES = YES;
				CLANG_WARN_SUSPICIOUS_MOVE = YES;
				CLANG_WARN_UNGUARDED_AVAILABILITY = YES_AGGRESSIVE;
				CLANG_WARN_UNREACHABLE_CODE = YES;
				CLANG_WARN__DUPLICATE_METHOD_MATCH = YES;
				COPY_PHASE_STRIP = NO;
				DEBUG_INFORMATION_FORMAT = dwarf;
				ENABLE_STRICT_OBJC_MSGSEND = YES;
				ENABLE_TESTABILITY = YES;
				GCC_C_LANGUAGE_STANDARD = gnu11;
				GCC_DYNAMIC_NO_PIC = NO;
				GCC_NO_COMMON_BLOCKS = YES;
				GCC_OPTIMIZATION_LEVEL = 0;
				GCC_PREPROCESSOR_DEFINITIONS = (
					"DEBUG=1",
					"$(inherited)",
				);
				GCC_WARN_64_TO_32_BIT_CONVERSION = YES;
				GCC_WARN_ABOUT_RETURN_TYPE = YES_ERROR;
				GCC_WARN_UNDECLARED_SELECTOR = YES;
				GCC_WARN_UNINITIALIZED_AUTOS = YES_AGGRESSIVE;
				GCC_WARN_UNUSED_FUNCTION = YES;
				GCC_WARN_UNUSED_VARIABLE = YES;
				IPHONEOS_DEPLOYMENT_TARGET = 14.4;
				MTL_ENABLE_DEBUG_INFO = INCLUDE_SOURCE;
				MTL_FAST_MATH = YES;
				ONLY_ACTIVE_ARCH = YES;
				SDKROOT = iphoneos;
				SWIFT_ACTIVE_COMPILATION_CONDITIONS = DEBUG;
				SWIFT_OPTIMIZATION_LEVEL = "-Onone";
			};
			name = Debug;
		};
		C7680565261F67E200D3D7DD /* Release */ = {
			isa = XCBuildConfiguration;
			buildSettings = {
				ALWAYS_SEARCH_USER_PATHS = NO;
				CLANG_ANALYZER_NONNULL = YES;
				CLANG_ANALYZER_NUMBER_OBJECT_CONVERSION = YES_AGGRESSIVE;
				CLANG_CXX_LANGUAGE_STANDARD = "gnu++14";
				CLANG_CXX_LIBRARY = "libc++";
				CLANG_ENABLE_MODULES = YES;
				CLANG_ENABLE_OBJC_ARC = YES;
				CLANG_ENABLE_OBJC_WEAK = YES;
				CLANG_WARN_BLOCK_CAPTURE_AUTORELEASING = YES;
				CLANG_WARN_BOOL_CONVERSION = YES;
				CLANG_WARN_COMMA = YES;
				CLANG_WARN_CONSTANT_CONVERSION = YES;
				CLANG_WARN_DEPRECATED_OBJC_IMPLEMENTATIONS = YES;
				CLANG_WARN_DIRECT_OBJC_ISA_USAGE = YES_ERROR;
				CLANG_WARN_DOCUMENTATION_COMMENTS = YES;
				CLANG_WARN_EMPTY_BODY = YES;
				CLANG_WARN_ENUM_CONVERSION = YES;
				CLANG_WARN_INFINITE_RECURSION = YES;
				CLANG_WARN_INT_CONVERSION = YES;
				CLANG_WARN_NON_LITERAL_NULL_CONVERSION = YES;
				CLANG_WARN_OBJC_IMPLICIT_RETAIN_SELF = YES;
				CLANG_WARN_OBJC_LITERAL_CONVERSION = YES;
				CLANG_WARN_OBJC_ROOT_CLASS = YES_ERROR;
				CLANG_WARN_QUOTED_INCLUDE_IN_FRAMEWORK_HEADER = YES;
				CLANG_WARN_RANGE_LOOP_ANALYSIS = YES;
				CLANG_WARN_STRICT_PROTOTYPES = YES;
				CLANG_WARN_SUSPICIOUS_MOVE = YES;
				CLANG_WARN_UNGUARDED_AVAILABILITY = YES_AGGRESSIVE;
				CLANG_WARN_UNREACHABLE_CODE = YES;
				CLANG_WARN__DUPLICATE_METHOD_MATCH = YES;
				COPY_PHASE_STRIP = NO;
				DEBUG_INFORMATION_FORMAT = "dwarf-with-dsym";
				ENABLE_NS_ASSERTIONS = NO;
				ENABLE_STRICT_OBJC_MSGSEND = YES;
				GCC_C_LANGUAGE_STANDARD = gnu11;
				GCC_NO_COMMON_BLOCKS = YES;
				GCC_WARN_64_TO_32_BIT_CONVERSION = YES;
				GCC_WARN_ABOUT_RETURN_TYPE = YES_ERROR;
				GCC_WARN_UNDECLARED_SELECTOR = YES;
				GCC_WARN_UNINITIALIZED_AUTOS = YES_AGGRESSIVE;
				GCC_WARN_UNUSED_FUNCTION = YES;
				GCC_WARN_UNUSED_VARIABLE = YES;
				IPHONEOS_DEPLOYMENT_TARGET = 14.4;
				MTL_ENABLE_DEBUG_INFO = NO;
				MTL_FAST_MATH = YES;
				SDKROOT = iphoneos;
				SWIFT_COMPILATION_MODE = wholemodule;
				SWIFT_OPTIMIZATION_LEVEL = "-O";
				VALIDATE_PRODUCT = YES;
			};
			name = Release;
		};
		C7680567261F67E200D3D7DD /* Debug */ = {
			isa = XCBuildConfiguration;
			buildSettings = {
				ASSETCATALOG_COMPILER_APPICON_NAME = AppIcon;
				ASSETCATALOG_COMPILER_GLOBAL_ACCENT_COLOR_NAME = AccentColor;
				CODE_SIGN_STYLE = Automatic;
				INFOPLIST_FILE = weatheApp/Info.plist;
				LD_RUNPATH_SEARCH_PATHS = (
					"$(inherited)",
					"@executable_path/Frameworks",
				);
				PRODUCT_BUNDLE_IDENTIFIER = li.weatheApp;
				PRODUCT_NAME = "$(TARGET_NAME)";
				SWIFT_VERSION = 5.0;
				TARGETED_DEVICE_FAMILY = "1,2";
			};
			name = Debug;
		};
		C7680568261F67E200D3D7DD /* Release */ = {
			isa = XCBuildConfiguration;
			buildSettings = {
				ASSETCATALOG_COMPILER_APPICON_NAME = AppIcon;
				ASSETCATALOG_COMPILER_GLOBAL_ACCENT_COLOR_NAME = AccentColor;
				CODE_SIGN_STYLE = Automatic;
				INFOPLIST_FILE = weatheApp/Info.plist;
				LD_RUNPATH_SEARCH_PATHS = (
					"$(inherited)",
					"@executable_path/Frameworks",
				);
				PRODUCT_BUNDLE_IDENTIFIER = li.weatheApp;
				PRODUCT_NAME = "$(TARGET_NAME)";
				SWIFT_VERSION = 5.0;
				TARGETED_DEVICE_FAMILY = "1,2";
			};
			name = Release;
		};
/* End XCBuildConfiguration section */

/* Begin XCConfigurationList section */
		C768054A261F67E000D3D7DD /* Build configuration list for PBXProject "weatheApp" */ = {
			isa = XCConfigurationList;
			buildConfigurations = (
				C7680564261F67E200D3D7DD /* Debug */,
				C7680565261F67E200D3D7DD /* Release */,
			);
			defaultConfigurationIsVisible = 0;
			defaultConfigurationName = Release;
		};
		C7680566261F67E200D3D7DD /* Build configuration list for PBXNativeTarget "weatheApp" */ = {
			isa = XCConfigurationList;
			buildConfigurations = (
				C7680567261F67E200D3D7DD /* Debug */,
				C7680568261F67E200D3D7DD /* Release */,
			);
			defaultConfigurationIsVisible = 0;
			defaultConfigurationName = Release;
		};
/* End XCConfigurationList section */

/* Begin XCVersionGroup section */
		C768055B261F67E000D3D7DD /* weatheApp.xcdatamodeld */ = {
			isa = XCVersionGroup;
			children = (
				C768055C261F67E000D3D7DD /* weatheApp.xcdatamodel */,
			);
			currentVersion = C768055C261F67E000D3D7DD /* weatheApp.xcdatamodel */;
			path = weatheApp.xcdatamodeld;
			sourceTree = "<group>";
			versionGroupType = wrapper.xcdatamodel;
		};
/* End XCVersionGroup section */
	};
	rootObject = C7680547261F67E000D3D7DD /* Project object */;
}
